// !$*UTF8*$!
{
	archiveVersion = 1;
	classes = {
	};
	objectVersion = 50;
	objects = {

/* Begin PBXBuildFile section */
		2944A6A121EC3FC0004B81DF /* UserDataCell.swift in Sources */ = {isa = PBXBuildFile; fileRef = 2944A6A021EC3FC0004B81DF /* UserDataCell.swift */; };
		2944A6A321EC416A004B81DF /* OwnerDetailCoordinator.swift in Sources */ = {isa = PBXBuildFile; fileRef = 2944A6A221EC416A004B81DF /* OwnerDetailCoordinator.swift */; };
		2944A6AB21EC8B5C004B81DF /* SearchViewModelTests.swift in Sources */ = {isa = PBXBuildFile; fileRef = 2944A6AA21EC8B5C004B81DF /* SearchViewModelTests.swift */; };
		2944A6B721ECD3A7004B81DF /* RepoDetailsOwnerCell.swift in Sources */ = {isa = PBXBuildFile; fileRef = 2944A6B621ECD3A7004B81DF /* RepoDetailsOwnerCell.swift */; };
		2944A6B921ECE2AB004B81DF /* RepoDetailsCell.swift in Sources */ = {isa = PBXBuildFile; fileRef = 2944A6B821ECE2AB004B81DF /* RepoDetailsCell.swift */; };
		2944A6BB21ECE30A004B81DF /* ViewableAttribute.swift in Sources */ = {isa = PBXBuildFile; fileRef = 2944A6BA21ECE30A004B81DF /* ViewableAttribute.swift */; };
		295701B521E8709E0099D2ED /* AppDelegate.swift in Sources */ = {isa = PBXBuildFile; fileRef = 295701B421E8709E0099D2ED /* AppDelegate.swift */; };
		295701BA21E8709E0099D2ED /* Main.storyboard in Resources */ = {isa = PBXBuildFile; fileRef = 295701B821E8709E0099D2ED /* Main.storyboard */; };
		295701BC21E870A00099D2ED /* Assets.xcassets in Resources */ = {isa = PBXBuildFile; fileRef = 295701BB21E870A00099D2ED /* Assets.xcassets */; };
		295701BF21E870A00099D2ED /* LaunchScreen.storyboard in Resources */ = {isa = PBXBuildFile; fileRef = 295701BD21E870A00099D2ED /* LaunchScreen.storyboard */; };
		29823E4F21EB4FB5001B5B9F /* SearchVC.swift in Sources */ = {isa = PBXBuildFile; fileRef = 29823E4C21EB4FB5001B5B9F /* SearchVC.swift */; };
		29823E5021EB4FB5001B5B9F /* OwnerDetailsVC.swift in Sources */ = {isa = PBXBuildFile; fileRef = 29823E4D21EB4FB5001B5B9F /* OwnerDetailsVC.swift */; };
		29823E5121EB4FB5001B5B9F /* RepoDetailsVC.swift in Sources */ = {isa = PBXBuildFile; fileRef = 29823E4E21EB4FB5001B5B9F /* RepoDetailsVC.swift */; };
		29823E5321EB5372001B5B9F /* Coordinator.swift in Sources */ = {isa = PBXBuildFile; fileRef = 29823E5221EB5372001B5B9F /* Coordinator.swift */; };
		29823E5721EB5439001B5B9F /* AppCoordinator.swift in Sources */ = {isa = PBXBuildFile; fileRef = 29823E5621EB5439001B5B9F /* AppCoordinator.swift */; };
		29823E5A21EB5CD4001B5B9F /* Storyboard.swift in Sources */ = {isa = PBXBuildFile; fileRef = 29823E5921EB5CD4001B5B9F /* Storyboard.swift */; };
		29823E5C21EB5DE0001B5B9F /* SearchVM.swift in Sources */ = {isa = PBXBuildFile; fileRef = 29823E5B21EB5DE0001B5B9F /* SearchVM.swift */; };
		29823E5E21EB5E3D001B5B9F /* SearchContract.swift in Sources */ = {isa = PBXBuildFile; fileRef = 29823E5D21EB5E3D001B5B9F /* SearchContract.swift */; };
		29823E6021EB7172001B5B9F /* UIImageViewExtension.swift in Sources */ = {isa = PBXBuildFile; fileRef = 29823E5F21EB7172001B5B9F /* UIImageViewExtension.swift */; };
		29823E6221EB71C6001B5B9F /* UIImageExtension.swift in Sources */ = {isa = PBXBuildFile; fileRef = 29823E6121EB71C6001B5B9F /* UIImageExtension.swift */; };
		29823E6421EB723C001B5B9F /* UIColorExtension.swift in Sources */ = {isa = PBXBuildFile; fileRef = 29823E6321EB723C001B5B9F /* UIColorExtension.swift */; };
		29823E6621EB75DE001B5B9F /* RepoTableViewCell.swift in Sources */ = {isa = PBXBuildFile; fileRef = 29823E6521EB75DE001B5B9F /* RepoTableViewCell.swift */; };
		29823E6A21EBB8D7001B5B9F /* RepoDetailVMContract.swift in Sources */ = {isa = PBXBuildFile; fileRef = 29823E6921EBB8D7001B5B9F /* RepoDetailVMContract.swift */; };
		29823E6C21EBB8E6001B5B9F /* RepoDetailCoordinator.swift in Sources */ = {isa = PBXBuildFile; fileRef = 29823E6B21EBB8E6001B5B9F /* RepoDetailCoordinator.swift */; };
		29823E7221EBCA58001B5B9F /* UserDetailVMContract.swift in Sources */ = {isa = PBXBuildFile; fileRef = 29823E7121EBCA58001B5B9F /* UserDetailVMContract.swift */; };
		29823E7421EBDBB9001B5B9F /* RepoDetailViewModel.swift in Sources */ = {isa = PBXBuildFile; fileRef = 29823E7321EBDBB8001B5B9F /* RepoDetailViewModel.swift */; };
		29823E7621EBDBE3001B5B9F /* RepoDetailModel.swift in Sources */ = {isa = PBXBuildFile; fileRef = 29823E7521EBDBE3001B5B9F /* RepoDetailModel.swift */; };
		29823E7821EBDD25001B5B9F /* SearchCoordinator.swift in Sources */ = {isa = PBXBuildFile; fileRef = 29823E7721EBDD25001B5B9F /* SearchCoordinator.swift */; };
		29823E7C21EBE499001B5B9F /* OwnerDetailViewModel.swift in Sources */ = {isa = PBXBuildFile; fileRef = 29823E7B21EBE499001B5B9F /* OwnerDetailViewModel.swift */; };
		29823E8021EBE56E001B5B9F /* OwnerDetailModel.swift in Sources */ = {isa = PBXBuildFile; fileRef = 29823E7F21EBE56E001B5B9F /* OwnerDetailModel.swift */; };
		298ECEA321E8884E00B98719 /* License.swift in Sources */ = {isa = PBXBuildFile; fileRef = 298ECE9F21E8884E00B98719 /* License.swift */; };
		298ECEA421E8884E00B98719 /* SearchResults.swift in Sources */ = {isa = PBXBuildFile; fileRef = 298ECEA021E8884E00B98719 /* SearchResults.swift */; };
		298ECEA521E8884E00B98719 /* OwnerProfile.swift in Sources */ = {isa = PBXBuildFile; fileRef = 298ECEA121E8884E00B98719 /* OwnerProfile.swift */; };
		298ECEA621E8884E00B98719 /* CodeRepository.swift in Sources */ = {isa = PBXBuildFile; fileRef = 298ECEA221E8884E00B98719 /* CodeRepository.swift */; };
		298ECEAD21E8D59F00B98719 /* RemoteContext.swift in Sources */ = {isa = PBXBuildFile; fileRef = 298ECEAC21E8D59F00B98719 /* RemoteContext.swift */; };
		298ECEAF21E8DA8600B98719 /* Remote.swift in Sources */ = {isa = PBXBuildFile; fileRef = 298ECEAE21E8DA8600B98719 /* Remote.swift */; };
		298ECEB221E8DC3D00B98719 /* RoutersProtocol.swift in Sources */ = {isa = PBXBuildFile; fileRef = 298ECEB021E8DC3C00B98719 /* RoutersProtocol.swift */; };
		298ECEB321E8DC3D00B98719 /* Router.swift in Sources */ = {isa = PBXBuildFile; fileRef = 298ECEB121E8DC3C00B98719 /* Router.swift */; };
		298ECEB721E9101000B98719 /* SearchParams.swift in Sources */ = {isa = PBXBuildFile; fileRef = 298ECEB621E9101000B98719 /* SearchParams.swift */; };
		298ECEB921E9102B00B98719 /* Pageable.swift in Sources */ = {isa = PBXBuildFile; fileRef = 298ECEB821E9102B00B98719 /* Pageable.swift */; };
		298ECEBF21E9202A00B98719 /* Repository.swift in Sources */ = {isa = PBXBuildFile; fileRef = 298ECEBE21E9202A00B98719 /* Repository.swift */; };
		8DED8962966F589A78E32574 /* Pods_GithubBrowser.framework in Frameworks */ = {isa = PBXBuildFile; fileRef = 8A8C9176CF24C1BBAF473604 /* Pods_GithubBrowser.framework */; };
/* End PBXBuildFile section */

/* Begin PBXContainerItemProxy section */
		2944A6AD21EC8B5C004B81DF /* PBXContainerItemProxy */ = {
			isa = PBXContainerItemProxy;
			containerPortal = 295701A921E8709E0099D2ED /* Project object */;
			proxyType = 1;
			remoteGlobalIDString = 295701B021E8709E0099D2ED;
			remoteInfo = GithubBrowser;
		};
/* End PBXContainerItemProxy section */

/* Begin PBXFileReference section */
		2944A6A021EC3FC0004B81DF /* UserDataCell.swift */ = {isa = PBXFileReference; lastKnownFileType = sourcecode.swift; path = UserDataCell.swift; sourceTree = "<group>"; };
		2944A6A221EC416A004B81DF /* OwnerDetailCoordinator.swift */ = {isa = PBXFileReference; lastKnownFileType = sourcecode.swift; path = OwnerDetailCoordinator.swift; sourceTree = "<group>"; };
		2944A6A821EC8B5C004B81DF /* GithubBrowserTests.xctest */ = {isa = PBXFileReference; explicitFileType = wrapper.cfbundle; includeInIndex = 0; path = GithubBrowserTests.xctest; sourceTree = BUILT_PRODUCTS_DIR; };
		2944A6AA21EC8B5C004B81DF /* SearchViewModelTests.swift */ = {isa = PBXFileReference; lastKnownFileType = sourcecode.swift; path = SearchViewModelTests.swift; sourceTree = "<group>"; };
		2944A6AC21EC8B5C004B81DF /* Info.plist */ = {isa = PBXFileReference; lastKnownFileType = text.plist.xml; path = Info.plist; sourceTree = "<group>"; };
		2944A6B621ECD3A7004B81DF /* RepoDetailsOwnerCell.swift */ = {isa = PBXFileReference; fileEncoding = 4; lastKnownFileType = sourcecode.swift; path = RepoDetailsOwnerCell.swift; sourceTree = "<group>"; };
		2944A6B821ECE2AB004B81DF /* RepoDetailsCell.swift */ = {isa = PBXFileReference; fileEncoding = 4; lastKnownFileType = sourcecode.swift; path = RepoDetailsCell.swift; sourceTree = "<group>"; };
		2944A6BA21ECE30A004B81DF /* ViewableAttribute.swift */ = {isa = PBXFileReference; lastKnownFileType = sourcecode.swift; path = ViewableAttribute.swift; sourceTree = "<group>"; };
		295701B121E8709E0099D2ED /* GithubBrowser.app */ = {isa = PBXFileReference; explicitFileType = wrapper.application; includeInIndex = 0; path = GithubBrowser.app; sourceTree = BUILT_PRODUCTS_DIR; };
		295701B421E8709E0099D2ED /* AppDelegate.swift */ = {isa = PBXFileReference; lastKnownFileType = sourcecode.swift; path = AppDelegate.swift; sourceTree = "<group>"; };
		295701B921E8709E0099D2ED /* Base */ = {isa = PBXFileReference; lastKnownFileType = file.storyboard; name = Base; path = Base.lproj/Main.storyboard; sourceTree = "<group>"; };
		295701BB21E870A00099D2ED /* Assets.xcassets */ = {isa = PBXFileReference; lastKnownFileType = folder.assetcatalog; path = Assets.xcassets; sourceTree = "<group>"; };
		295701BE21E870A00099D2ED /* Base */ = {isa = PBXFileReference; lastKnownFileType = file.storyboard; name = Base; path = Base.lproj/LaunchScreen.storyboard; sourceTree = "<group>"; };
		295701C021E870A00099D2ED /* Info.plist */ = {isa = PBXFileReference; lastKnownFileType = text.plist.xml; path = Info.plist; sourceTree = "<group>"; };
		29823E4C21EB4FB5001B5B9F /* SearchVC.swift */ = {isa = PBXFileReference; fileEncoding = 4; lastKnownFileType = sourcecode.swift; path = SearchVC.swift; sourceTree = "<group>"; };
		29823E4D21EB4FB5001B5B9F /* OwnerDetailsVC.swift */ = {isa = PBXFileReference; fileEncoding = 4; lastKnownFileType = sourcecode.swift; path = OwnerDetailsVC.swift; sourceTree = "<group>"; };
		29823E4E21EB4FB5001B5B9F /* RepoDetailsVC.swift */ = {isa = PBXFileReference; fileEncoding = 4; lastKnownFileType = sourcecode.swift; path = RepoDetailsVC.swift; sourceTree = "<group>"; };
		29823E5221EB5372001B5B9F /* Coordinator.swift */ = {isa = PBXFileReference; lastKnownFileType = sourcecode.swift; path = Coordinator.swift; sourceTree = "<group>"; };
		29823E5621EB5439001B5B9F /* AppCoordinator.swift */ = {isa = PBXFileReference; lastKnownFileType = sourcecode.swift; path = AppCoordinator.swift; sourceTree = "<group>"; };
		29823E5921EB5CD4001B5B9F /* Storyboard.swift */ = {isa = PBXFileReference; fileEncoding = 4; lastKnownFileType = sourcecode.swift; path = Storyboard.swift; sourceTree = "<group>"; };
		29823E5B21EB5DE0001B5B9F /* SearchVM.swift */ = {isa = PBXFileReference; lastKnownFileType = sourcecode.swift; path = SearchVM.swift; sourceTree = "<group>"; };
		29823E5D21EB5E3D001B5B9F /* SearchContract.swift */ = {isa = PBXFileReference; lastKnownFileType = sourcecode.swift; path = SearchContract.swift; sourceTree = "<group>"; };
		29823E5F21EB7172001B5B9F /* UIImageViewExtension.swift */ = {isa = PBXFileReference; lastKnownFileType = sourcecode.swift; path = UIImageViewExtension.swift; sourceTree = "<group>"; };
		29823E6121EB71C6001B5B9F /* UIImageExtension.swift */ = {isa = PBXFileReference; lastKnownFileType = sourcecode.swift; path = UIImageExtension.swift; sourceTree = "<group>"; };
		29823E6321EB723C001B5B9F /* UIColorExtension.swift */ = {isa = PBXFileReference; lastKnownFileType = sourcecode.swift; path = UIColorExtension.swift; sourceTree = "<group>"; };
		29823E6521EB75DE001B5B9F /* RepoTableViewCell.swift */ = {isa = PBXFileReference; lastKnownFileType = sourcecode.swift; path = RepoTableViewCell.swift; sourceTree = "<group>"; };
		29823E6921EBB8D7001B5B9F /* RepoDetailVMContract.swift */ = {isa = PBXFileReference; lastKnownFileType = sourcecode.swift; path = RepoDetailVMContract.swift; sourceTree = "<group>"; };
		29823E6B21EBB8E6001B5B9F /* RepoDetailCoordinator.swift */ = {isa = PBXFileReference; lastKnownFileType = sourcecode.swift; path = RepoDetailCoordinator.swift; sourceTree = "<group>"; };
		29823E7121EBCA58001B5B9F /* UserDetailVMContract.swift */ = {isa = PBXFileReference; lastKnownFileType = sourcecode.swift; path = UserDetailVMContract.swift; sourceTree = "<group>"; };
		29823E7321EBDBB8001B5B9F /* RepoDetailViewModel.swift */ = {isa = PBXFileReference; fileEncoding = 4; lastKnownFileType = sourcecode.swift; path = RepoDetailViewModel.swift; sourceTree = "<group>"; };
		29823E7521EBDBE3001B5B9F /* RepoDetailModel.swift */ = {isa = PBXFileReference; fileEncoding = 4; lastKnownFileType = sourcecode.swift; path = RepoDetailModel.swift; sourceTree = "<group>"; };
		29823E7721EBDD25001B5B9F /* SearchCoordinator.swift */ = {isa = PBXFileReference; fileEncoding = 4; lastKnownFileType = sourcecode.swift; path = SearchCoordinator.swift; sourceTree = "<group>"; };
		29823E7B21EBE499001B5B9F /* OwnerDetailViewModel.swift */ = {isa = PBXFileReference; lastKnownFileType = sourcecode.swift; path = OwnerDetailViewModel.swift; sourceTree = "<group>"; };
		29823E7F21EBE56E001B5B9F /* OwnerDetailModel.swift */ = {isa = PBXFileReference; fileEncoding = 4; lastKnownFileType = sourcecode.swift; path = OwnerDetailModel.swift; sourceTree = "<group>"; };
		298ECE9F21E8884E00B98719 /* License.swift */ = {isa = PBXFileReference; fileEncoding = 4; lastKnownFileType = sourcecode.swift; path = License.swift; sourceTree = "<group>"; };
		298ECEA021E8884E00B98719 /* SearchResults.swift */ = {isa = PBXFileReference; fileEncoding = 4; lastKnownFileType = sourcecode.swift; path = SearchResults.swift; sourceTree = "<group>"; };
		298ECEA121E8884E00B98719 /* OwnerProfile.swift */ = {isa = PBXFileReference; fileEncoding = 4; lastKnownFileType = sourcecode.swift; path = OwnerProfile.swift; sourceTree = "<group>"; };
		298ECEA221E8884E00B98719 /* CodeRepository.swift */ = {isa = PBXFileReference; fileEncoding = 4; lastKnownFileType = sourcecode.swift; path = CodeRepository.swift; sourceTree = "<group>"; };
		298ECEAC21E8D59F00B98719 /* RemoteContext.swift */ = {isa = PBXFileReference; lastKnownFileType = sourcecode.swift; path = RemoteContext.swift; sourceTree = "<group>"; };
		298ECEAE21E8DA8600B98719 /* Remote.swift */ = {isa = PBXFileReference; lastKnownFileType = sourcecode.swift; path = Remote.swift; sourceTree = "<group>"; };
		298ECEB021E8DC3C00B98719 /* RoutersProtocol.swift */ = {isa = PBXFileReference; fileEncoding = 4; lastKnownFileType = sourcecode.swift; path = RoutersProtocol.swift; sourceTree = "<group>"; };
		298ECEB121E8DC3C00B98719 /* Router.swift */ = {isa = PBXFileReference; fileEncoding = 4; lastKnownFileType = sourcecode.swift; path = Router.swift; sourceTree = "<group>"; };
		298ECEB621E9101000B98719 /* SearchParams.swift */ = {isa = PBXFileReference; lastKnownFileType = sourcecode.swift; path = SearchParams.swift; sourceTree = "<group>"; };
		298ECEB821E9102B00B98719 /* Pageable.swift */ = {isa = PBXFileReference; lastKnownFileType = sourcecode.swift; path = Pageable.swift; sourceTree = "<group>"; };
		298ECEBE21E9202A00B98719 /* Repository.swift */ = {isa = PBXFileReference; fileEncoding = 4; lastKnownFileType = sourcecode.swift; path = Repository.swift; sourceTree = "<group>"; };
		834A3A374041720E2874FF40 /* Pods-GithubBrowser.release.xcconfig */ = {isa = PBXFileReference; includeInIndex = 1; lastKnownFileType = text.xcconfig; name = "Pods-GithubBrowser.release.xcconfig"; path = "Pods/Target Support Files/Pods-GithubBrowser/Pods-GithubBrowser.release.xcconfig"; sourceTree = "<group>"; };
		8A8C9176CF24C1BBAF473604 /* Pods_GithubBrowser.framework */ = {isa = PBXFileReference; explicitFileType = wrapper.framework; includeInIndex = 0; path = Pods_GithubBrowser.framework; sourceTree = BUILT_PRODUCTS_DIR; };
		FAC6D69578008B229E63AE18 /* Pods-GithubBrowser.debug.xcconfig */ = {isa = PBXFileReference; includeInIndex = 1; lastKnownFileType = text.xcconfig; name = "Pods-GithubBrowser.debug.xcconfig"; path = "Pods/Target Support Files/Pods-GithubBrowser/Pods-GithubBrowser.debug.xcconfig"; sourceTree = "<group>"; };
/* End PBXFileReference section */

/* Begin PBXFrameworksBuildPhase section */
		2944A6A521EC8B5C004B81DF /* Frameworks */ = {
			isa = PBXFrameworksBuildPhase;
			buildActionMask = 2147483647;
			files = (
			);
			runOnlyForDeploymentPostprocessing = 0;
		};
		295701AE21E8709E0099D2ED /* Frameworks */ = {
			isa = PBXFrameworksBuildPhase;
			buildActionMask = 2147483647;
			files = (
				8DED8962966F589A78E32574 /* Pods_GithubBrowser.framework in Frameworks */,
			);
			runOnlyForDeploymentPostprocessing = 0;
		};
/* End PBXFrameworksBuildPhase section */

/* Begin PBXGroup section */
		2944A6A921EC8B5C004B81DF /* GithubBrowserTests */ = {
			isa = PBXGroup;
			children = (
				2944A6AA21EC8B5C004B81DF /* SearchViewModelTests.swift */,
				2944A6AC21EC8B5C004B81DF /* Info.plist */,
			);
			path = GithubBrowserTests;
			sourceTree = "<group>";
		};
		295701A821E8709E0099D2ED = {
			isa = PBXGroup;
			children = (
				295701B321E8709E0099D2ED /* GithubBrowser */,
				2944A6A921EC8B5C004B81DF /* GithubBrowserTests */,
				295701B221E8709E0099D2ED /* Products */,
				81F4C63FB5D01EB627D487D1 /* Pods */,
				BA1C1773E9E096A8CDBB62CB /* Frameworks */,
			);
			sourceTree = "<group>";
		};
		295701B221E8709E0099D2ED /* Products */ = {
			isa = PBXGroup;
			children = (
				295701B121E8709E0099D2ED /* GithubBrowser.app */,
				2944A6A821EC8B5C004B81DF /* GithubBrowserTests.xctest */,
			);
			name = Products;
			sourceTree = "<group>";
		};
		295701B321E8709E0099D2ED /* GithubBrowser */ = {
			isa = PBXGroup;
			children = (
				295701B421E8709E0099D2ED /* AppDelegate.swift */,
				295701B821E8709E0099D2ED /* Main.storyboard */,
				29823E5221EB5372001B5B9F /* Coordinator.swift */,
				29823E5621EB5439001B5B9F /* AppCoordinator.swift */,
				29823E7921EBDD76001B5B9F /* Search */,
				29823E7A21EBDE05001B5B9F /* repoDetails */,
				29823E7121EBCA58001B5B9F /* UserDetailVMContract.swift */,
				2944A6A221EC416A004B81DF /* OwnerDetailCoordinator.swift */,
				29823E7B21EBE499001B5B9F /* OwnerDetailViewModel.swift */,
				29823E7F21EBE56E001B5B9F /* OwnerDetailModel.swift */,
				29823E4D21EB4FB5001B5B9F /* OwnerDetailsVC.swift */,
				2944A6A021EC3FC0004B81DF /* UserDataCell.swift */,
				298ECEB521E90E1200B98719 /* Repository */,
				298ECEA921E88EA800B98719 /* models */,
				29823E5821EB5CD4001B5B9F /* extensions */,
				295701BB21E870A00099D2ED /* Assets.xcassets */,
				295701BD21E870A00099D2ED /* LaunchScreen.storyboard */,
				295701C021E870A00099D2ED /* Info.plist */,
			);
			path = GithubBrowser;
			sourceTree = "<group>";
		};
		29823E5821EB5CD4001B5B9F /* extensions */ = {
			isa = PBXGroup;
			children = (
				29823E5921EB5CD4001B5B9F /* Storyboard.swift */,
				29823E5F21EB7172001B5B9F /* UIImageViewExtension.swift */,
				29823E6121EB71C6001B5B9F /* UIImageExtension.swift */,
				29823E6321EB723C001B5B9F /* UIColorExtension.swift */,
			);
			path = extensions;
			sourceTree = "<group>";
		};
		29823E7921EBDD76001B5B9F /* Search */ = {
			isa = PBXGroup;
			children = (
				29823E5D21EB5E3D001B5B9F /* SearchContract.swift */,
				29823E7721EBDD25001B5B9F /* SearchCoordinator.swift */,
				29823E4C21EB4FB5001B5B9F /* SearchVC.swift */,
				29823E6521EB75DE001B5B9F /* RepoTableViewCell.swift */,
				29823E5B21EB5DE0001B5B9F /* SearchVM.swift */,
			);
			name = Search;
			sourceTree = "<group>";
		};
		29823E7A21EBDE05001B5B9F /* repoDetails */ = {
			isa = PBXGroup;
			children = (
				29823E4E21EB4FB5001B5B9F /* RepoDetailsVC.swift */,
				2944A6BA21ECE30A004B81DF /* ViewableAttribute.swift */,
				2944A6B821ECE2AB004B81DF /* RepoDetailsCell.swift */,
				2944A6B621ECD3A7004B81DF /* RepoDetailsOwnerCell.swift */,
				29823E6B21EBB8E6001B5B9F /* RepoDetailCoordinator.swift */,
				29823E6921EBB8D7001B5B9F /* RepoDetailVMContract.swift */,
				29823E7321EBDBB8001B5B9F /* RepoDetailViewModel.swift */,
				29823E7521EBDBE3001B5B9F /* RepoDetailModel.swift */,
			);
			name = repoDetails;
			sourceTree = "<group>";
		};
		298ECEA921E88EA800B98719 /* models */ = {
			isa = PBXGroup;
			children = (
				298ECEB621E9101000B98719 /* SearchParams.swift */,
				298ECEB821E9102B00B98719 /* Pageable.swift */,
				298ECEA221E8884E00B98719 /* CodeRepository.swift */,
				298ECE9F21E8884E00B98719 /* License.swift */,
				298ECEA021E8884E00B98719 /* SearchResults.swift */,
				298ECEA121E8884E00B98719 /* OwnerProfile.swift */,
			);
			path = models;
			sourceTree = "<group>";
		};
		298ECEB521E90E1200B98719 /* Repository */ = {
			isa = PBXGroup;
			children = (
				298ECEAC21E8D59F00B98719 /* RemoteContext.swift */,
				298ECEBE21E9202A00B98719 /* Repository.swift */,
				298ECEAE21E8DA8600B98719 /* Remote.swift */,
				298ECEB121E8DC3C00B98719 /* Router.swift */,
				298ECEB021E8DC3C00B98719 /* RoutersProtocol.swift */,
			);
			name = Repository;
			sourceTree = "<group>";
		};
		81F4C63FB5D01EB627D487D1 /* Pods */ = {
			isa = PBXGroup;
			children = (
				FAC6D69578008B229E63AE18 /* Pods-GithubBrowser.debug.xcconfig */,
				834A3A374041720E2874FF40 /* Pods-GithubBrowser.release.xcconfig */,
			);
			name = Pods;
			sourceTree = "<group>";
		};
		BA1C1773E9E096A8CDBB62CB /* Frameworks */ = {
			isa = PBXGroup;
			children = (
				8A8C9176CF24C1BBAF473604 /* Pods_GithubBrowser.framework */,
			);
			name = Frameworks;
			sourceTree = "<group>";
		};
/* End PBXGroup section */

/* Begin PBXNativeTarget section */
		2944A6A721EC8B5C004B81DF /* GithubBrowserTests */ = {
			isa = PBXNativeTarget;
			buildConfigurationList = 2944A6AF21EC8B5C004B81DF /* Build configuration list for PBXNativeTarget "GithubBrowserTests" */;
			buildPhases = (
				2944A6A421EC8B5C004B81DF /* Sources */,
				2944A6A521EC8B5C004B81DF /* Frameworks */,
				2944A6A621EC8B5C004B81DF /* Resources */,
			);
			buildRules = (
			);
			dependencies = (
				2944A6AE21EC8B5C004B81DF /* PBXTargetDependency */,
			);
			name = GithubBrowserTests;
			productName = GithubBrowserTests;
			productReference = 2944A6A821EC8B5C004B81DF /* GithubBrowserTests.xctest */;
			productType = "com.apple.product-type.bundle.unit-test";
		};
		295701B021E8709E0099D2ED /* GithubBrowser */ = {
			isa = PBXNativeTarget;
			buildConfigurationList = 295701C321E870A00099D2ED /* Build configuration list for PBXNativeTarget "GithubBrowser" */;
			buildPhases = (
				8D061C673E963463E3259DF0 /* [CP] Check Pods Manifest.lock */,
				295701AD21E8709E0099D2ED /* Sources */,
				295701AE21E8709E0099D2ED /* Frameworks */,
				295701AF21E8709E0099D2ED /* Resources */,
				9BF3B350F3FB57DC28B47901 /* [CP] Embed Pods Frameworks */,
			);
			buildRules = (
			);
			dependencies = (
			);
			name = GithubBrowser;
			productName = GithubBrowser;
			productReference = 295701B121E8709E0099D2ED /* GithubBrowser.app */;
			productType = "com.apple.product-type.application";
		};
/* End PBXNativeTarget section */

/* Begin PBXProject section */
		295701A921E8709E0099D2ED /* Project object */ = {
			isa = PBXProject;
			attributes = {
				LastSwiftUpdateCheck = 1010;
				LastUpgradeCheck = 1010;
				ORGANIZATIONNAME = khaledannajar;
				TargetAttributes = {
					2944A6A721EC8B5C004B81DF = {
						CreatedOnToolsVersion = 10.1;
						TestTargetID = 295701B021E8709E0099D2ED;
					};
					295701B021E8709E0099D2ED = {
						CreatedOnToolsVersion = 10.1;
					};
				};
			};
			buildConfigurationList = 295701AC21E8709E0099D2ED /* Build configuration list for PBXProject "GithubBrowser" */;
			compatibilityVersion = "Xcode 9.3";
			developmentRegion = en;
			hasScannedForEncodings = 0;
			knownRegions = (
				en,
				Base,
			);
			mainGroup = 295701A821E8709E0099D2ED;
			productRefGroup = 295701B221E8709E0099D2ED /* Products */;
			projectDirPath = "";
			projectRoot = "";
			targets = (
				295701B021E8709E0099D2ED /* GithubBrowser */,
				2944A6A721EC8B5C004B81DF /* GithubBrowserTests */,
			);
		};
/* End PBXProject section */

/* Begin PBXResourcesBuildPhase section */
		2944A6A621EC8B5C004B81DF /* Resources */ = {
			isa = PBXResourcesBuildPhase;
			buildActionMask = 2147483647;
			files = (
			);
			runOnlyForDeploymentPostprocessing = 0;
		};
		295701AF21E8709E0099D2ED /* Resources */ = {
			isa = PBXResourcesBuildPhase;
			buildActionMask = 2147483647;
			files = (
				295701BF21E870A00099D2ED /* LaunchScreen.storyboard in Resources */,
				295701BC21E870A00099D2ED /* Assets.xcassets in Resources */,
				295701BA21E8709E0099D2ED /* Main.storyboard in Resources */,
			);
			runOnlyForDeploymentPostprocessing = 0;
		};
/* End PBXResourcesBuildPhase section */

/* Begin PBXShellScriptBuildPhase section */
		8D061C673E963463E3259DF0 /* [CP] Check Pods Manifest.lock */ = {
			isa = PBXShellScriptBuildPhase;
			buildActionMask = 2147483647;
			files = (
			);
			inputPaths = (
				"${PODS_PODFILE_DIR_PATH}/Podfile.lock",
				"${PODS_ROOT}/Manifest.lock",
			);
			name = "[CP] Check Pods Manifest.lock";
			outputPaths = (
				"$(DERIVED_FILE_DIR)/Pods-GithubBrowser-checkManifestLockResult.txt",
			);
			runOnlyForDeploymentPostprocessing = 0;
			shellPath = /bin/sh;
			shellScript = "diff \"${PODS_PODFILE_DIR_PATH}/Podfile.lock\" \"${PODS_ROOT}/Manifest.lock\" > /dev/null\nif [ $? != 0 ] ; then\n    # print error to STDERR\n    echo \"error: The sandbox is not in sync with the Podfile.lock. Run 'pod install' or update your CocoaPods installation.\" >&2\n    exit 1\nfi\n# This output is used by Xcode 'outputs' to avoid re-running this script phase.\necho \"SUCCESS\" > \"${SCRIPT_OUTPUT_FILE_0}\"\n";
			showEnvVarsInLog = 0;
		};
		9BF3B350F3FB57DC28B47901 /* [CP] Embed Pods Frameworks */ = {
			isa = PBXShellScriptBuildPhase;
			buildActionMask = 2147483647;
			files = (
			);
			inputPaths = (
				"${SRCROOT}/Pods/Target Support Files/Pods-GithubBrowser/Pods-GithubBrowser-frameworks.sh",
				"${BUILT_PRODUCTS_DIR}/Alamofire/Alamofire.framework",
				"${BUILT_PRODUCTS_DIR}/AlamofireObjectMapper/AlamofireObjectMapper.framework",
				"${BUILT_PRODUCTS_DIR}/Kingfisher/Kingfisher.framework",
				"${BUILT_PRODUCTS_DIR}/ObjectMapper/ObjectMapper.framework",
			);
			name = "[CP] Embed Pods Frameworks";
			outputPaths = (
				"${TARGET_BUILD_DIR}/${FRAMEWORKS_FOLDER_PATH}/Alamofire.framework",
				"${TARGET_BUILD_DIR}/${FRAMEWORKS_FOLDER_PATH}/AlamofireObjectMapper.framework",
				"${TARGET_BUILD_DIR}/${FRAMEWORKS_FOLDER_PATH}/Kingfisher.framework",
				"${TARGET_BUILD_DIR}/${FRAMEWORKS_FOLDER_PATH}/ObjectMapper.framework",
			);
			runOnlyForDeploymentPostprocessing = 0;
			shellPath = /bin/sh;
			shellScript = "\"${SRCROOT}/Pods/Target Support Files/Pods-GithubBrowser/Pods-GithubBrowser-frameworks.sh\"\n";
			showEnvVarsInLog = 0;
		};
/* End PBXShellScriptBuildPhase section */

/* Begin PBXSourcesBuildPhase section */
		2944A6A421EC8B5C004B81DF /* Sources */ = {
			isa = PBXSourcesBuildPhase;
			buildActionMask = 2147483647;
			files = (
				2944A6AB21EC8B5C004B81DF /* SearchViewModelTests.swift in Sources */,
			);
			runOnlyForDeploymentPostprocessing = 0;
		};
		295701AD21E8709E0099D2ED /* Sources */ = {
			isa = PBXSourcesBuildPhase;
			buildActionMask = 2147483647;
			files = (
				2944A6BB21ECE30A004B81DF /* ViewableAttribute.swift in Sources */,
				29823E5321EB5372001B5B9F /* Coordinator.swift in Sources */,
				298ECEB721E9101000B98719 /* SearchParams.swift in Sources */,
				29823E6221EB71C6001B5B9F /* UIImageExtension.swift in Sources */,
				29823E5121EB4FB5001B5B9F /* RepoDetailsVC.swift in Sources */,
				29823E6A21EBB8D7001B5B9F /* RepoDetailVMContract.swift in Sources */,
				298ECEA621E8884E00B98719 /* CodeRepository.swift in Sources */,
				298ECEB321E8DC3D00B98719 /* Router.swift in Sources */,
				295701B521E8709E0099D2ED /* AppDelegate.swift in Sources */,
				29823E6021EB7172001B5B9F /* UIImageViewExtension.swift in Sources */,
				29823E5C21EB5DE0001B5B9F /* SearchVM.swift in Sources */,
				29823E5E21EB5E3D001B5B9F /* SearchContract.swift in Sources */,
				29823E5721EB5439001B5B9F /* AppCoordinator.swift in Sources */,
				29823E6421EB723C001B5B9F /* UIColorExtension.swift in Sources */,
				29823E7621EBDBE3001B5B9F /* RepoDetailModel.swift in Sources */,
				298ECEAF21E8DA8600B98719 /* Remote.swift in Sources */,
				298ECEB921E9102B00B98719 /* Pageable.swift in Sources */,
				29823E7821EBDD25001B5B9F /* SearchCoordinator.swift in Sources */,
				29823E7421EBDBB9001B5B9F /* RepoDetailViewModel.swift in Sources */,
				298ECEBF21E9202A00B98719 /* Repository.swift in Sources */,
				2944A6B721ECD3A7004B81DF /* RepoDetailsOwnerCell.swift in Sources */,
				29823E8021EBE56E001B5B9F /* OwnerDetailModel.swift in Sources */,
				2944A6A121EC3FC0004B81DF /* UserDataCell.swift in Sources */,
				29823E5A21EB5CD4001B5B9F /* Storyboard.swift in Sources */,
				298ECEA521E8884E00B98719 /* OwnerProfile.swift in Sources */,
				298ECEA421E8884E00B98719 /* SearchResults.swift in Sources */,
				298ECEA321E8884E00B98719 /* License.swift in Sources */,
				29823E6C21EBB8E6001B5B9F /* RepoDetailCoordinator.swift in Sources */,
				29823E4F21EB4FB5001B5B9F /* SearchVC.swift in Sources */,
				2944A6B921ECE2AB004B81DF /* RepoDetailsCell.swift in Sources */,
				2944A6A321EC416A004B81DF /* OwnerDetailCoordinator.swift in Sources */,
				298ECEB221E8DC3D00B98719 /* RoutersProtocol.swift in Sources */,
				29823E7221EBCA58001B5B9F /* UserDetailVMContract.swift in Sources */,
				29823E7C21EBE499001B5B9F /* OwnerDetailViewModel.swift in Sources */,
				29823E5021EB4FB5001B5B9F /* OwnerDetailsVC.swift in Sources */,
				29823E6621EB75DE001B5B9F /* RepoTableViewCell.swift in Sources */,
				298ECEAD21E8D59F00B98719 /* RemoteContext.swift in Sources */,
			);
			runOnlyForDeploymentPostprocessing = 0;
		};
/* End PBXSourcesBuildPhase section */

/* Begin PBXTargetDependency section */
		2944A6AE21EC8B5C004B81DF /* PBXTargetDependency */ = {
			isa = PBXTargetDependency;
			target = 295701B021E8709E0099D2ED /* GithubBrowser */;
			targetProxy = 2944A6AD21EC8B5C004B81DF /* PBXContainerItemProxy */;
		};
/* End PBXTargetDependency section */

/* Begin PBXVariantGroup section */
		295701B821E8709E0099D2ED /* Main.storyboard */ = {
			isa = PBXVariantGroup;
			children = (
				295701B921E8709E0099D2ED /* Base */,
			);
			name = Main.storyboard;
			sourceTree = "<group>";
		};
		295701BD21E870A00099D2ED /* LaunchScreen.storyboard */ = {
			isa = PBXVariantGroup;
			children = (
				295701BE21E870A00099D2ED /* Base */,
			);
			name = LaunchScreen.storyboard;
			sourceTree = "<group>";
		};
/* End PBXVariantGroup section */

/* Begin XCBuildConfiguration section */
		2944A6B021EC8B5C004B81DF /* Debug */ = {
			isa = XCBuildConfiguration;
			buildSettings = {
				BUNDLE_LOADER = "$(TEST_HOST)";
				CODE_SIGN_STYLE = Automatic;
				INFOPLIST_FILE = GithubBrowserTests/Info.plist;
				LD_RUNPATH_SEARCH_PATHS = (
					"$(inherited)",
					"@executable_path/Frameworks",
					"@loader_path/Frameworks",
				);
				PRODUCT_BUNDLE_IDENTIFIER = com.khaled.GithubBrowserTests;
				PRODUCT_NAME = "$(TARGET_NAME)";
				SWIFT_VERSION = 4.2;
				TARGETED_DEVICE_FAMILY = "1,2";
				TEST_HOST = "$(BUILT_PRODUCTS_DIR)/GithubBrowser.app/GithubBrowser";
			};
			name = Debug;
		};
		2944A6B121EC8B5C004B81DF /* Release */ = {
			isa = XCBuildConfiguration;
			buildSettings = {
				BUNDLE_LOADER = "$(TEST_HOST)";
				CODE_SIGN_STYLE = Automatic;
				INFOPLIST_FILE = GithubBrowserTests/Info.plist;
				LD_RUNPATH_SEARCH_PATHS = (
					"$(inherited)",
					"@executable_path/Frameworks",
					"@loader_path/Frameworks",
				);
				PRODUCT_BUNDLE_IDENTIFIER = com.khaled.GithubBrowserTests;
				PRODUCT_NAME = "$(TARGET_NAME)";
				SWIFT_VERSION = 4.2;
				TARGETED_DEVICE_FAMILY = "1,2";
				TEST_HOST = "$(BUILT_PRODUCTS_DIR)/GithubBrowser.app/GithubBrowser";
			};
			name = Release;
		};
		295701C121E870A00099D2ED /* Debug */ = {
			isa = XCBuildConfiguration;
			buildSettings = {
				ALWAYS_SEARCH_USER_PATHS = NO;
				CLANG_ANALYZER_NONNULL = YES;
				CLANG_ANALYZER_NUMBER_OBJECT_CONVERSION = YES_AGGRESSIVE;
				CLANG_CXX_LANGUAGE_STANDARD = "gnu++14";
				CLANG_CXX_LIBRARY = "libc++";
				CLANG_ENABLE_MODULES = YES;
				CLANG_ENABLE_OBJC_ARC = YES;
				CLANG_ENABLE_OBJC_WEAK = YES;
				CLANG_WARN_BLOCK_CAPTURE_AUTORELEASING = YES;
				CLANG_WARN_BOOL_CONVERSION = YES;
				CLANG_WARN_COMMA = YES;
				CLANG_WARN_CONSTANT_CONVERSION = YES;
				CLANG_WARN_DEPRECATED_OBJC_IMPLEMENTATIONS = YES;
				CLANG_WARN_DIRECT_OBJC_ISA_USAGE = YES_ERROR;
				CLANG_WARN_DOCUMENTATION_COMMENTS = YES;
				CLANG_WARN_EMPTY_BODY = YES;
				CLANG_WARN_ENUM_CONVERSION = YES;
				CLANG_WARN_INFINITE_RECURSION = YES;
				CLANG_WARN_INT_CONVERSION = YES;
				CLANG_WARN_NON_LITERAL_NULL_CONVERSION = YES;
				CLANG_WARN_OBJC_IMPLICIT_RETAIN_SELF = YES;
				CLANG_WARN_OBJC_LITERAL_CONVERSION = YES;
				CLANG_WARN_OBJC_ROOT_CLASS = YES_ERROR;
				CLANG_WARN_RANGE_LOOP_ANALYSIS = YES;
				CLANG_WARN_STRICT_PROTOTYPES = YES;
				CLANG_WARN_SUSPICIOUS_MOVE = YES;
				CLANG_WARN_UNGUARDED_AVAILABILITY = YES_AGGRESSIVE;
				CLANG_WARN_UNREACHABLE_CODE = YES;
				CLANG_WARN__DUPLICATE_METHOD_MATCH = YES;
				CODE_SIGN_IDENTITY = "iPhone Developer";
				COPY_PHASE_STRIP = NO;
				DEBUG_INFORMATION_FORMAT = dwarf;
				ENABLE_STRICT_OBJC_MSGSEND = YES;
				ENABLE_TESTABILITY = YES;
				GCC_C_LANGUAGE_STANDARD = gnu11;
				GCC_DYNAMIC_NO_PIC = NO;
				GCC_NO_COMMON_BLOCKS = YES;
				GCC_OPTIMIZATION_LEVEL = 0;
				GCC_PREPROCESSOR_DEFINITIONS = (
					"DEBUG=1",
					"$(inherited)",
				);
				GCC_WARN_64_TO_32_BIT_CONVERSION = YES;
				GCC_WARN_ABOUT_RETURN_TYPE = YES_ERROR;
				GCC_WARN_UNDECLARED_SELECTOR = YES;
				GCC_WARN_UNINITIALIZED_AUTOS = YES_AGGRESSIVE;
				GCC_WARN_UNUSED_FUNCTION = YES;
				GCC_WARN_UNUSED_VARIABLE = YES;
				IPHONEOS_DEPLOYMENT_TARGET = 12.1;
				MTL_ENABLE_DEBUG_INFO = INCLUDE_SOURCE;
				MTL_FAST_MATH = YES;
				ONLY_ACTIVE_ARCH = YES;
				SDKROOT = iphoneos;
				SWIFT_ACTIVE_COMPILATION_CONDITIONS = DEBUG;
				SWIFT_OPTIMIZATION_LEVEL = "-Onone";
			};
			name = Debug;
		};
		295701C221E870A00099D2ED /* Release */ = {
			isa = XCBuildConfiguration;
			buildSettings = {
				ALWAYS_SEARCH_USER_PATHS = NO;
				CLANG_ANALYZER_NONNULL = YES;
				CLANG_ANALYZER_NUMBER_OBJECT_CONVERSION = YES_AGGRESSIVE;
				CLANG_CXX_LANGUAGE_STANDARD = "gnu++14";
				CLANG_CXX_LIBRARY = "libc++";
				CLANG_ENABLE_MODULES = YES;
				CLANG_ENABLE_OBJC_ARC = YES;
				CLANG_ENABLE_OBJC_WEAK = YES;
				CLANG_WARN_BLOCK_CAPTURE_AUTORELEASING = YES;
				CLANG_WARN_BOOL_CONVERSION = YES;
				CLANG_WARN_COMMA = YES;
				CLANG_WARN_CONSTANT_CONVERSION = YES;
				CLANG_WARN_DEPRECATED_OBJC_IMPLEMENTATIONS = YES;
				CLANG_WARN_DIRECT_OBJC_ISA_USAGE = YES_ERROR;
				CLANG_WARN_DOCUMENTATION_COMMENTS = YES;
				CLANG_WARN_EMPTY_BODY = YES;
				CLANG_WARN_ENUM_CONVERSION = YES;
				CLANG_WARN_INFINITE_RECURSION = YES;
				CLANG_WARN_INT_CONVERSION = YES;
				CLANG_WARN_NON_LITERAL_NULL_CONVERSION = YES;
				CLANG_WARN_OBJC_IMPLICIT_RETAIN_SELF = YES;
				CLANG_WARN_OBJC_LITERAL_CONVERSION = YES;
				CLANG_WARN_OBJC_ROOT_CLASS = YES_ERROR;
				CLANG_WARN_RANGE_LOOP_ANALYSIS = YES;
				CLANG_WARN_STRICT_PROTOTYPES = YES;
				CLANG_WARN_SUSPICIOUS_MOVE = YES;
				CLANG_WARN_UNGUARDED_AVAILABILITY = YES_AGGRESSIVE;
				CLANG_WARN_UNREACHABLE_CODE = YES;
				CLANG_WARN__DUPLICATE_METHOD_MATCH = YES;
				CODE_SIGN_IDENTITY = "iPhone Developer";
				COPY_PHASE_STRIP = NO;
				DEBUG_INFORMATION_FORMAT = "dwarf-with-dsym";
				ENABLE_NS_ASSERTIONS = NO;
				ENABLE_STRICT_OBJC_MSGSEND = YES;
				GCC_C_LANGUAGE_STANDARD = gnu11;
				GCC_NO_COMMON_BLOCKS = YES;
				GCC_WARN_64_TO_32_BIT_CONVERSION = YES;
				GCC_WARN_ABOUT_RETURN_TYPE = YES_ERROR;
				GCC_WARN_UNDECLARED_SELECTOR = YES;
				GCC_WARN_UNINITIALIZED_AUTOS = YES_AGGRESSIVE;
				GCC_WARN_UNUSED_FUNCTION = YES;
				GCC_WARN_UNUSED_VARIABLE = YES;
				IPHONEOS_DEPLOYMENT_TARGET = 12.1;
				MTL_ENABLE_DEBUG_INFO = NO;
				MTL_FAST_MATH = YES;
				SDKROOT = iphoneos;
				SWIFT_COMPILATION_MODE = wholemodule;
				SWIFT_OPTIMIZATION_LEVEL = "-O";
				VALIDATE_PRODUCT = YES;
			};
			name = Release;
		};
		295701C421E870A00099D2ED /* Debug */ = {
			isa = XCBuildConfiguration;
			baseConfigurationReference = FAC6D69578008B229E63AE18 /* Pods-GithubBrowser.debug.xcconfig */;
			buildSettings = {
				ASSETCATALOG_COMPILER_APPICON_NAME = AppIcon;
				CODE_SIGN_STYLE = Automatic;
				INFOPLIST_FILE = GithubBrowser/Info.plist;
				LD_RUNPATH_SEARCH_PATHS = (
					"$(inherited)",
					"@executable_path/Frameworks",
				);
				PRODUCT_BUNDLE_IDENTIFIER = com.khaled.GithubBrowser;
				PRODUCT_NAME = "$(TARGET_NAME)";
				SWIFT_VERSION = 4.2;
				TARGETED_DEVICE_FAMILY = "1,2";
			};
			name = Debug;
		};
		295701C521E870A00099D2ED /* Release */ = {
			isa = XCBuildConfiguration;
			baseConfigurationReference = 834A3A374041720E2874FF40 /* Pods-GithubBrowser.release.xcconfig */;
			buildSettings = {
				ASSETCATALOG_COMPILER_APPICON_NAME = AppIcon;
				CODE_SIGN_STYLE = Automatic;
				INFOPLIST_FILE = GithubBrowser/Info.plist;
				LD_RUNPATH_SEARCH_PATHS = (
					"$(inherited)",
					"@executable_path/Frameworks",
				);
				PRODUCT_BUNDLE_IDENTIFIER = com.khaled.GithubBrowser;
				PRODUCT_NAME = "$(TARGET_NAME)";
				SWIFT_VERSION = 4.2;
				TARGETED_DEVICE_FAMILY = "1,2";
			};
			name = Release;
		};
/* End XCBuildConfiguration section */

/* Begin XCConfigurationList section */
		2944A6AF21EC8B5C004B81DF /* Build configuration list for PBXNativeTarget "GithubBrowserTests" */ = {
			isa = XCConfigurationList;
			buildConfigurations = (
				2944A6B021EC8B5C004B81DF /* Debug */,
				2944A6B121EC8B5C004B81DF /* Release */,
			);
			defaultConfigurationIsVisible = 0;
			defaultConfigurationName = Release;
		};
		295701AC21E8709E0099D2ED /* Build configuration list for PBXProject "GithubBrowser" */ = {
			isa = XCConfigurationList;
			buildConfigurations = (
				295701C121E870A00099D2ED /* Debug */,
				295701C221E870A00099D2ED /* Release */,
			);
			defaultConfigurationIsVisible = 0;
			defaultConfigurationName = Release;
		};
		295701C321E870A00099D2ED /* Build configuration list for PBXNativeTarget "GithubBrowser" */ = {
			isa = XCConfigurationList;
			buildConfigurations = (
				295701C421E870A00099D2ED /* Debug */,
				295701C521E870A00099D2ED /* Release */,
			);
			defaultConfigurationIsVisible = 0;
			defaultConfigurationName = Release;
		};
/* End XCConfigurationList section */
	};
	rootObject = 295701A921E8709E0099D2ED /* Project object */;
}
